
Microsoft Visual Studio Solution File, Format Version 12.00
# Visual Studio Version 17
VisualStudioVersion = 17.11.35327.3
MinimumVisualStudioVersion = 10.0.40219.1
Project("{FAE04EC0-301F-11D3-BF4B-00C04F79EFBC}") = "ArmyBuilder", "ArmyBuilder\ArmyBuilder.csproj", "{CA3B1F4D-29B5-4867-8041-81BD1ECE59FC}"
EndProject
Project("{FAE04EC0-301F-11D3-BF4B-00C04F79EFBC}") = "ArmyBuilder.Test", "ArmyBuilder.Test\ArmyBuilder.Test.csproj", "{5EBECD7F-B231-4CC9-81AC-962FCB20B391}"
EndProject
Global
	GlobalSection(SolutionConfigurationPlatforms) = preSolution
		Debug|Any CPU = Debug|Any CPU
		Release|Any CPU = Release|Any CPU
	EndGlobalSection
	GlobalSection(ProjectConfigurationPlatforms) = postSolution
		{CA3B1F4D-29B5-4867-8041-81BD1ECE59FC}.Debug|Any CPU.ActiveCfg = Debug|Any CPU
		{CA3B1F4D-29B5-4867-8041-81BD1ECE59FC}.Debug|Any CPU.Build.0 = Debug|Any CPU
		{CA3B1F4D-29B5-4867-8041-81BD1ECE59FC}.Release|Any CPU.ActiveCfg = Release|Any CPU
		{CA3B1F4D-29B5-4867-8041-81BD1ECE59FC}.Release|Any CPU.Build.0 = Release|Any CPU
		{5EBECD7F-B231-4CC9-81AC-962FCB20B391}.Debug|Any CPU.ActiveCfg = Debug|Any CPU
		{5EBECD7F-B231-4CC9-81AC-962FCB20B391}.Debug|Any CPU.Build.0 = Debug|Any CPU
		{5EBECD7F-B231-4CC9-81AC-962FCB20B391}.Release|Any CPU.ActiveCfg = Release|Any CPU
		{5EBECD7F-B231-4CC9-81AC-962FCB20B391}.Release|Any CPU.Build.0 = Release|Any CPU
	EndGlobalSection
	GlobalSection(SolutionProperties) = preSolution
		HideSolutionNode = FALSE
	EndGlobalSection
	GlobalSection(ExtensibilityGlobals) = postSolution
		SolutionGuid = {CB4B2C9D-B428-4A89-A59D-CAC93674AB6E}
	EndGlobalSection
EndGlobal
